#MicroXplorer Configuration settings - do not modify
File.Version=6
KeepUserPlacement=false
Mcu.Family=STM32L0
Mcu.IP0=ADC
Mcu.IP1=DAC
Mcu.IP2=NVIC
Mcu.IP3=RCC
Mcu.IP4=SPI1
Mcu.IP5=SYS
Mcu.IPNb=6
Mcu.Name=STM32L072C(B-Z)Yx
Mcu.Package=WLCSP49
Mcu.Pin0=PA15
Mcu.Pin1=PB3
Mcu.Pin10=PA13
Mcu.Pin11=PC1
Mcu.Pin12=PC0
Mcu.Pin13=PC15-OSC32_OUT
Mcu.Pin14=PA8
Mcu.Pin15=PA11
Mcu.Pin16=PB1
Mcu.Pin17=PB15
Mcu.Pin18=PA9
Mcu.Pin19=PA1
Mcu.Pin2=PB5
Mcu.Pin20=PA0
Mcu.Pin21=PC2
Mcu.Pin22=PB14
Mcu.Pin23=PB13
Mcu.Pin24=PB11
Mcu.Pin25=PA7
Mcu.Pin26=PA4
Mcu.Pin27=PA2
Mcu.Pin28=PB12
Mcu.Pin29=PB10
Mcu.Pin3=PB9
Mcu.Pin30=PB0
Mcu.Pin31=PA6
Mcu.Pin32=PA5
Mcu.Pin33=PA3
Mcu.Pin34=VP_SYS_VS_Systick
Mcu.Pin4=PA12
Mcu.Pin5=PA14
Mcu.Pin6=PB4
Mcu.Pin7=PB8
Mcu.Pin8=PC13
Mcu.Pin9=PA10
Mcu.PinsNb=35
Mcu.UserConstants=
Mcu.UserName=STM32L072CBYx
MxCube.Version=4.21.0
MxDb.Version=DB.4.0.210
NVIC.HardFault_IRQn=true\:0\:0\:false\:false\:true
NVIC.NonMaskableInt_IRQn=true\:0\:0\:false\:false\:true
NVIC.PendSV_IRQn=true\:0\:0\:false\:false\:true
NVIC.SVC_IRQn=true\:0\:0\:false\:false\:true
NVIC.SysTick_IRQn=true\:0\:0\:false\:false\:true
PA0.Mode=IN0
PA0.Signal=ADC_IN0
PA1.Mode=IN1
PA1.Signal=ADC_IN1
PA10.GPIOParameters=GPIO_Label
PA10.GPIO_Label=MUX3IN1
PA10.Locked=true
PA10.Signal=GPIO_Output
PA11.GPIOParameters=GPIO_Label
PA11.GPIO_Label=BUSY
PA11.Locked=true
PA11.Signal=GPIO_Input
PA12.GPIOParameters=GPIO_Label
PA12.GPIO_Label=TEMPEN
PA12.Locked=true
PA12.Signal=GPIO_Output
PA13.Mode=Serial_Wire
PA13.Signal=SYS_SWDIO
PA14.Mode=Serial_Wire
PA14.Signal=SYS_SWCLK
PA15.Mode=NSS_Signal_Hard_Output
PA15.Signal=SPI1_NSS
PA2.Mode=IN2
PA2.Signal=ADC_IN2
PA3.Mode=IN3
PA3.Signal=ADC_IN3
PA4.Signal=COMP_DAC1_group
PA5.Signal=COMP_DAC2_group
PA6.Mode=IN6
PA6.Signal=ADC_IN6
PA7.Mode=IN7
PA7.Signal=ADC_IN7
PA8.GPIOParameters=GPIO_Label
PA8.GPIO_Label=RESET
PA8.Locked=true
PA8.Signal=GPIO_Output
PA9.GPIOParameters=GPIO_Label
PA9.GPIO_Label=MUX3EN
PA9.Locked=true
PA9.Signal=GPIO_Output
PB0.Mode=IN8
PB0.Signal=ADC_IN8
PB1.Mode=IN9
PB1.Signal=ADC_IN9
PB10.GPIOParameters=GPIO_Label
PB10.GPIO_Label=MUX2IN0
PB10.Locked=true
PB10.Signal=GPIO_Output
PB11.GPIOParameters=GPIO_Label
PB11.GPIO_Label=MUX2IN1
PB11.Locked=true
PB11.Signal=GPIO_Output
PB12.GPIOParameters=GPIO_Label
PB12.GPIO_Label=MUX1IN1
PB12.Locked=true
PB12.Signal=GPIO_Output
PB13.GPIOParameters=GPIO_Label
PB13.GPIO_Label=MUX1IN0
PB13.Locked=true
PB13.Signal=GPIO_Output
PB14.GPIOParameters=PinState,GPIO_Label,GPIO_ModeDefaultOutputPP
PB14.GPIO_Label=TAGEN
PB14.GPIO_ModeDefaultOutputPP=GPIO_MODE_OUTPUT_OD
PB14.Locked=true
PB14.PinState=GPIO_PIN_SET
PB14.Signal=GPIO_Output
PB15.GPIOParameters=GPIO_Label
PB15.GPIO_Label=AFEEN
PB15.Locked=true
PB15.Signal=GPIO_Output
PB3.Mode=Full_Duplex_Master
PB3.Signal=SPI1_SCK
PB4.Mode=Full_Duplex_Master
PB4.Signal=SPI1_MISO
PB5.Mode=Full_Duplex_Master
PB5.Signal=SPI1_MOSI
PB8.GPIOParameters=GPIO_Label
PB8.GPIO_Label=MUX4IN1
PB8.Locked=true
PB8.Signal=GPIO_Output
PB9.GPIOParameters=GPIO_Label
PB9.GPIO_Label=MUX4IN0
PB9.Locked=true
PB9.Signal=GPIO_Output
PC0.Mode=IN10
PC0.Signal=ADC_IN10
PC1.Mode=IN11
PC1.Signal=ADC_IN11
PC13.GPIOParameters=GPIO_Label
PC13.GPIO_Label=ANTSW
PC13.Locked=true
PC13.Signal=GPIO_Output
PC15-OSC32_OUT.GPIOParameters=GPIO_Label
PC15-OSC32_OUT.GPIO_Label=MUX3IN0
PC15-OSC32_OUT.Locked=true
PC15-OSC32_OUT.Signal=GPIO_Output
PC2.Mode=IN12
PC2.Signal=ADC_IN12
PCC.Checker=true
PCC.Line=STM32L0x2
PCC.MCU=STM32L072C(B-Z)Yx
PCC.PartNumber=STM32L072CBYx
PCC.Seq0=0
PCC.Series=STM32L0
PCC.Temperature=25
PCC.Vdd=3.0
ProjectManager.AskForMigrate=true
ProjectManager.BackupPrevious=false
ProjectManager.CompilerOptimize=2
ProjectManager.ComputerToolchain=false
ProjectManager.CoupleFile=false
ProjectManager.CustomerFirmwarePackage=/home/niklas/STM32Cube/Repository/STM32Cube_FW_L0_V1.9.0
ProjectManager.DefaultFWLocation=true
ProjectManager.DeletePrevious=true
ProjectManager.DeviceId=STM32L072CBYx
ProjectManager.FirmwarePackage=STM32Cube FW_L0 V1.9.0
ProjectManager.FreePins=false
ProjectManager.HalAssertFull=false
ProjectManager.HeapSize=0x200
ProjectManager.KeepUserCode=true
ProjectManager.LastFirmware=true
ProjectManager.LibraryCopy=0
ProjectManager.PreviousToolchain=
ProjectManager.ProjectBuild=false
ProjectManager.ProjectFileName=implant.ioc
ProjectManager.ProjectName=implant
ProjectManager.StackSize=0x400
ProjectManager.TargetToolchain=Makefile
ProjectManager.ToolChainLocation=
ProjectManager.UnderRoot=false
ProjectManager.functionlistsort=1-MX_GPIO_Init-GPIO-false-HAL,2-SystemClock_Config-RCC-false-HAL,3-MX_ADC_Init-ADC-false-HAL,4-MX_DAC_Init-DAC-false-HAL,5-MX_SPI1_Init-SPI1-false-HAL
RCC.48CLKFreq_Value=6000000
RCC.48RNGFreq_Value=6000000
RCC.48USBFreq_Value=6000000
RCC.ADCFreq_Value=4000000
RCC.AHBFreq_Value=4000000
RCC.APB1Freq_Value=4000000
RCC.APB1TimFreq_Value=4000000
RCC.APB2Freq_Value=4000000
RCC.APB2TimFreq_Value=4000000
RCC.FCLKCortexFreq_Value=4000000
RCC.FamilyName=M
RCC.HCLKFreq_Value=4000000
RCC.HSE_VALUE=8000000
RCC.HSI16_VALUE=16000000
RCC.HSI48_VALUE=48000000
RCC.HSIRCDiv=4
RCC.HSI_VALUE=4000000
RCC.I2C1Freq_Value=4000000
RCC.I2C3Freq_Value=4000000
RCC.IPParameters=48CLKFreq_Value,48RNGFreq_Value,48USBFreq_Value,ADCFreq_Value,AHBFreq_Value,APB1Freq_Value,APB1TimFreq_Value,APB2Freq_Value,APB2TimFreq_Value,FCLKCortexFreq_Value,FamilyName,HCLKFreq_Value,HSE_VALUE,HSI16_VALUE,HSI48_VALUE,HSIRCDiv,HSI_VALUE,I2C1Freq_Value,I2C3Freq_Value,LPTIMFreq_Value,LPUARTFreq_Value,LSE_VALUE,LSI_VALUE,MCOPinFreq_Value,MSI_VALUE,PLLCLKFreq_Value,PWRFreq_Value,RTCFreq_Value,RTCHSEDivFreq_Value,SYSCLKFreq_VALUE,SYSCLKSource,TIMFreq_Value,TimerFreq_Value,USART1Freq_Value,USART2Freq_Value,VCOInputFreq_Value,VCOOutputFreq_Value,WatchDogFreq_Value
RCC.LPTIMFreq_Value=4000000
RCC.LPUARTFreq_Value=4000000
RCC.LSE_VALUE=32768
RCC.LSI_VALUE=37000
RCC.MCOPinFreq_Value=4000000
RCC.MSI_VALUE=2097000
RCC.PLLCLKFreq_Value=6000000
RCC.PWRFreq_Value=4000000
RCC.RTCFreq_Value=37000
RCC.RTCHSEDivFreq_Value=4000000
RCC.SYSCLKFreq_VALUE=4000000
RCC.SYSCLKSource=RCC_SYSCLKSOURCE_HSI
RCC.TIMFreq_Value=4000000
RCC.TimerFreq_Value=4000000
RCC.USART1Freq_Value=4000000
RCC.USART2Freq_Value=4000000
RCC.VCOInputFreq_Value=4000000
RCC.VCOOutputFreq_Value=12000000
RCC.WatchDogFreq_Value=37000
SH.COMP_DAC1_group.0=DAC_OUT1,DAC_OUT1
SH.COMP_DAC1_group.ConfNb=1
SH.COMP_DAC2_group.0=DAC_OUT2,DAC_OUT2
SH.COMP_DAC2_group.ConfNb=1
SPI1.CalculateBaudRate=2.0 MBits/s
SPI1.Direction=SPI_DIRECTION_2LINES
SPI1.IPParameters=VirtualType,Mode,Direction,CalculateBaudRate,VirtualNSS
SPI1.Mode=SPI_MODE_MASTER
SPI1.VirtualNSS=VM_NSSHARD
SPI1.VirtualType=VM_MASTER
VP_SYS_VS_Systick.Mode=SysTick
VP_SYS_VS_Systick.Signal=SYS_VS_Systick
board=implant
